// !$*UTF8*$!
{
	archiveVersion = 1;
	classes = {
	};
	objectVersion = 46;
	objects = {

/* Begin PBXBuildFile section */
		0F43BDA916505AD1007805E9 /* UIKit.framework in Frameworks */ = {isa = PBXBuildFile; fileRef = 0F43BDA816505AD1007805E9 /* UIKit.framework */; };
		0F43BDAB16505AD1007805E9 /* Foundation.framework in Frameworks */ = {isa = PBXBuildFile; fileRef = 0F43BDAA16505AD1007805E9 /* Foundation.framework */; };
		0F43BDAD16505AD1007805E9 /* CoreGraphics.framework in Frameworks */ = {isa = PBXBuildFile; fileRef = 0F43BDAC16505AD1007805E9 /* CoreGraphics.framework */; };
		0F43BDB316505AD1007805E9 /* InfoPlist.strings in Resources */ = {isa = PBXBuildFile; fileRef = 0F43BDB116505AD1007805E9 /* InfoPlist.strings */; };
		0F43BDB516505AD1007805E9 /* main.m in Sources */ = {isa = PBXBuildFile; fileRef = 0F43BDB416505AD1007805E9 /* main.m */; };
		0F43BDB916505AD1007805E9 /* edu_gmu_it315_CalorieScaleAppDelegate.m in Sources */ = {isa = PBXBuildFile; fileRef = 0F43BDB816505AD1007805E9 /* edu_gmu_it315_CalorieScaleAppDelegate.m */; };
		0F43BDBB16505AD1007805E9 /* Default.png in Resources */ = {isa = PBXBuildFile; fileRef = 0F43BDBA16505AD1007805E9 /* Default.png */; };
		0F43BDBD16505AD1007805E9 /* Default@2x.png in Resources */ = {isa = PBXBuildFile; fileRef = 0F43BDBC16505AD1007805E9 /* Default@2x.png */; };
		0F43BDBF16505AD1007805E9 /* Default-568h@2x.png in Resources */ = {isa = PBXBuildFile; fileRef = 0F43BDBE16505AD1007805E9 /* Default-568h@2x.png */; };
		0F43BDC216505AD1007805E9 /* MainStoryboard.storyboard in Resources */ = {isa = PBXBuildFile; fileRef = 0F43BDC016505AD1007805E9 /* MainStoryboard.storyboard */; };
		0F43BDC516505AD1007805E9 /* edu_gmu_it315_CalorieScaleViewController.m in Sources */ = {isa = PBXBuildFile; fileRef = 0F43BDC416505AD1007805E9 /* edu_gmu_it315_CalorieScaleViewController.m */; };
/* End PBXBuildFile section */

/* Begin PBXFileReference section */
		0F43BDA416505AD1007805E9 /* Calorie Scale.app */ = {isa = PBXFileReference; explicitFileType = wrapper.application; includeInIndex = 0; path = "Calorie Scale.app"; sourceTree = BUILT_PRODUCTS_DIR; };
		0F43BDA816505AD1007805E9 /* UIKit.framework */ = {isa = PBXFileReference; lastKnownFileType = wrapper.framework; name = UIKit.framework; path = System/Library/Frameworks/UIKit.framework; sourceTree = SDKROOT; };
		0F43BDAA16505AD1007805E9 /* Foundation.framework */ = {isa = PBXFileReference; lastKnownFileType = wrapper.framework; name = Foundation.framework; path = System/Library/Frameworks/Foundation.framework; sourceTree = SDKROOT; };
		0F43BDAC16505AD1007805E9 /* CoreGraphics.framework */ = {isa = PBXFileReference; lastKnownFileType = wrapper.framework; name = CoreGraphics.framework; path = System/Library/Frameworks/CoreGraphics.framework; sourceTree = SDKROOT; };
		0F43BDB016505AD1007805E9 /* Calorie Scale-Info.plist */ = {isa = PBXFileReference; lastKnownFileType = text.plist.xml; path = "Calorie Scale-Info.plist"; sourceTree = "<group>"; };
		0F43BDB216505AD1007805E9 /* en */ = {isa = PBXFileReference; lastKnownFileType = text.plist.strings; name = en; path = en.lproj/InfoPlist.strings; sourceTree = "<group>"; };
		0F43BDB416505AD1007805E9 /* main.m */ = {isa = PBXFileReference; lastKnownFileType = sourcecode.c.objc; path = main.m; sourceTree = "<group>"; };
		0F43BDB616505AD1007805E9 /* Calorie Scale-Prefix.pch */ = {isa = PBXFileReference; lastKnownFileType = sourcecode.c.h; path = "Calorie Scale-Prefix.pch"; sourceTree = "<group>"; };
		0F43BDB716505AD1007805E9 /* edu_gmu_it315_CalorieScaleAppDelegate.h */ = {isa = PBXFileReference; lastKnownFileType = sourcecode.c.h; path = edu_gmu_it315_CalorieScaleAppDelegate.h; sourceTree = "<group>"; };
		0F43BDB816505AD1007805E9 /* edu_gmu_it315_CalorieScaleAppDelegate.m */ = {isa = PBXFileReference; lastKnownFileType = sourcecode.c.objc; path = edu_gmu_it315_CalorieScaleAppDelegate.m; sourceTree = "<group>"; };
		0F43BDBA16505AD1007805E9 /* Default.png */ = {isa = PBXFileReference; lastKnownFileType = image.png; path = Default.png; sourceTree = "<group>"; };
		0F43BDBC16505AD1007805E9 /* Default@2x.png */ = {isa = PBXFileReference; lastKnownFileType = image.png; path = "Default@2x.png"; sourceTree = "<group>"; };
		0F43BDBE16505AD1007805E9 /* Default-568h@2x.png */ = {isa = PBXFileReference; lastKnownFileType = image.png; path = "Default-568h@2x.png"; sourceTree = "<group>"; };
		0F43BDC116505AD1007805E9 /* en */ = {isa = PBXFileReference; lastKnownFileType = file.storyboard; name = en; path = en.lproj/MainStoryboard.storyboard; sourceTree = "<group>"; };
		0F43BDC316505AD1007805E9 /* edu_gmu_it315_CalorieScaleViewController.h */ = {isa = PBXFileReference; lastKnownFileType = sourcecode.c.h; path = edu_gmu_it315_CalorieScaleViewController.h; sourceTree = "<group>"; };
		0F43BDC416505AD1007805E9 /* edu_gmu_it315_CalorieScaleViewController.m */ = {isa = PBXFileReference; lastKnownFileType = sourcecode.c.objc; path = edu_gmu_it315_CalorieScaleViewController.m; sourceTree = "<group>"; };
/* End PBXFileReference section */

/* Begin PBXFrameworksBuildPhase section */
		0F43BDA116505AD1007805E9 /* Frameworks */ = {
			isa = PBXFrameworksBuildPhase;
			buildActionMask = 2147483647;
			files = (
				0F43BDA916505AD1007805E9 /* UIKit.framework in Frameworks */,
				0F43BDAB16505AD1007805E9 /* Foundation.framework in Frameworks */,
				0F43BDAD16505AD1007805E9 /* CoreGraphics.framework in Frameworks */,
			);
			runOnlyForDeploymentPostprocessing = 0;
		};
/* End PBXFrameworksBuildPhase section */

/* Begin PBXGroup section */
		0F43BD9916505AD1007805E9 = {
			isa = PBXGroup;
			children = (
				0F43BDAE16505AD1007805E9 /* Calorie Scale */,
				0F43BDA716505AD1007805E9 /* Frameworks */,
				0F43BDA516505AD1007805E9 /* Products */,
			);
			sourceTree = "<group>";
		};
		0F43BDA516505AD1007805E9 /* Products */ = {
			isa = PBXGroup;
			children = (
				0F43BDA416505AD1007805E9 /* Calorie Scale.app */,
			);
			name = Products;
			sourceTree = "<group>";
		};
		0F43BDA716505AD1007805E9 /* Frameworks */ = {
			isa = PBXGroup;
			children = (
				0F43BDA816505AD1007805E9 /* UIKit.framework */,
				0F43BDAA16505AD1007805E9 /* Foundation.framework */,
				0F43BDAC16505AD1007805E9 /* CoreGraphics.framework */,
			);
			name = Frameworks;
			sourceTree = "<group>";
		};
		0F43BDAE16505AD1007805E9 /* Calorie Scale */ = {
			isa = PBXGroup;
			children = (
				0F43BDB716505AD1007805E9 /* edu_gmu_it315_CalorieScaleAppDelegate.h */,
				0F43BDB816505AD1007805E9 /* edu_gmu_it315_CalorieScaleAppDelegate.m */,
				0F43BDC016505AD1007805E9 /* MainStoryboard.storyboard */,
				0F43BDC316505AD1007805E9 /* edu_gmu_it315_CalorieScaleViewController.h */,
				0F43BDC416505AD1007805E9 /* edu_gmu_it315_CalorieScaleViewController.m */,
				0F43BDAF16505AD1007805E9 /* Supporting Files */,
			);
			path = "Calorie Scale";
			sourceTree = "<group>";
		};
		0F43BDAF16505AD1007805E9 /* Supporting Files */ = {
			isa = PBXGroup;
			children = (
				0F43BDB016505AD1007805E9 /* Calorie Scale-Info.plist */,
				0F43BDB116505AD1007805E9 /* InfoPlist.strings */,
				0F43BDB416505AD1007805E9 /* main.m */,
				0F43BDB616505AD1007805E9 /* Calorie Scale-Prefix.pch */,
				0F43BDBA16505AD1007805E9 /* Default.png */,
				0F43BDBC16505AD1007805E9 /* Default@2x.png */,
				0F43BDBE16505AD1007805E9 /* Default-568h@2x.png */,
			);
			name = "Supporting Files";
			sourceTree = "<group>";
		};
/* End PBXGroup section */

/* Begin PBXNativeTarget section */
		0F43BDA316505AD1007805E9 /* Calorie Scale */ = {
			isa = PBXNativeTarget;
			buildConfigurationList = 0F43BDC816505AD1007805E9 /* Build configuration list for PBXNativeTarget "Calorie Scale" */;
			buildPhases = (
				0F43BDA016505AD1007805E9 /* Sources */,
				0F43BDA116505AD1007805E9 /* Frameworks */,
				0F43BDA216505AD1007805E9 /* Resources */,
			);
			buildRules = (
			);
			dependencies = (
			);
			name = "Calorie Scale";
			productName = "Calorie Scale";
			productReference = 0F43BDA416505AD1007805E9 /* Calorie Scale.app */;
			productType = "com.apple.product-type.application";
		};
/* End PBXNativeTarget section */

/* Begin PBXProject section */
		0F43BD9B16505AD1007805E9 /* Project object */ = {
			isa = PBXProject;
			attributes = {
				CLASSPREFIX = edu.gmu.it315.CalorieScale;
				LastUpgradeCheck = 0450;
				ORGANIZATIONNAME = "Jean Grandmaire";
			};
			buildConfigurationList = 0F43BD9E16505AD1007805E9 /* Build configuration list for PBXProject "Calorie Scale" */;
			compatibilityVersion = "Xcode 3.2";
			developmentRegion = English;
			hasScannedForEncodings = 0;
			knownRegions = (
				en,
			);
			mainGroup = 0F43BD9916505AD1007805E9;
			productRefGroup = 0F43BDA516505AD1007805E9 /* Products */;
			projectDirPath = "";
			projectRoot = "";
			targets = (
				0F43BDA316505AD1007805E9 /* Calorie Scale */,
			);
		};
/* End PBXProject section */

/* Begin PBXResourcesBuildPhase section */
		0F43BDA216505AD1007805E9 /* Resources */ = {
			isa = PBXResourcesBuildPhase;
			buildActionMask = 2147483647;
			files = (
				0F43BDB316505AD1007805E9 /* InfoPlist.strings in Resources */,
				0F43BDBB16505AD1007805E9 /* Default.png in Resources */,
				0F43BDBD16505AD1007805E9 /* Default@2x.png in Resources */,
				0F43BDBF16505AD1007805E9 /* Default-568h@2x.png in Resources */,
				0F43BDC216505AD1007805E9 /* MainStoryboard.storyboard in Resources */,
			);
			runOnlyForDeploymentPostprocessing = 0;
		};
/* End PBXResourcesBuildPhase section */

/* Begin PBXSourcesBuildPhase section */
		0F43BDA016505AD1007805E9 /* Sources */ = {
			isa = PBXSourcesBuildPhase;
			buildActionMask = 2147483647;
			files = (
				0F43BDB516505AD1007805E9 /* main.m in Sources */,
				0F43BDB916505AD1007805E9 /* edu_gmu_it315_CalorieScaleAppDelegate.m in Sources */,
				0F43BDC516505AD1007805E9 /* edu_gmu_it315_CalorieScaleViewController.m in Sources */,
			);
			runOnlyForDeploymentPostprocessing = 0;
		};
/* End PBXSourcesBuildPhase section */

/* Begin PBXVariantGroup section */
		0F43BDB116505AD1007805E9 /* InfoPlist.strings */ = {
			isa = PBXVariantGroup;
			children = (
				0F43BDB216505AD1007805E9 /* en */,
			);
			name = InfoPlist.strings;
			sourceTree = "<group>";
		};
		0F43BDC016505AD1007805E9 /* MainStoryboard.storyboard */ = {
			isa = PBXVariantGroup;
			children = (
				0F43BDC116505AD1007805E9 /* en */,
			);
			name = MainStoryboard.storyboard;
			sourceTree = "<group>";
		};
/* End PBXVariantGroup section */

/* Begin XCBuildConfiguration section */
		0F43BDC616505AD1007805E9 /* Debug */ = {
			isa = XCBuildConfiguration;
			buildSettings = {
				ALWAYS_SEARCH_USER_PATHS = NO;
				CLANG_CXX_LANGUAGE_STANDARD = "gnu++0x";
				CLANG_CXX_LIBRARY = "libc++";
				CLANG_ENABLE_OBJC_ARC = YES;
				CLANG_WARN_EMPTY_BODY = YES;
				CLANG_WARN__DUPLICATE_METHOD_MATCH = YES;
				"CODE_SIGN_IDENTITY[sdk=iphoneos*]" = "iPhone Developer";
				COPY_PHASE_STRIP = NO;
				GCC_C_LANGUAGE_STANDARD = gnu99;
				GCC_DYNAMIC_NO_PIC = NO;
				GCC_OPTIMIZATION_LEVEL = 0;
				GCC_PREPROCESSOR_DEFINITIONS = (
					"DEBUG=1",
					"$(inherited)",
				);
				GCC_SYMBOLS_PRIVATE_EXTERN = NO;
				GCC_WARN_ABOUT_RETURN_TYPE = YES;
				GCC_WARN_UNINITIALIZED_AUTOS = YES;
				GCC_WARN_UNUSED_VARIABLE = YES;
				IPHONEOS_DEPLOYMENT_TARGET = 6.0;
				ONLY_ACTIVE_ARCH = YES;
				SDKROOT = iphoneos;
			};
			name = Debug;
		};
		0F43BDC716505AD1007805E9 /* Release */ = {
			isa = XCBuildConfiguration;
			buildSettings = {
				ALWAYS_SEARCH_USER_PATHS = NO;
				CLANG_CXX_LANGUAGE_STANDARD = "gnu++0x";
				CLANG_CXX_LIBRARY = "libc++";
				CLANG_ENABLE_OBJC_ARC = YES;
				CLANG_WARN_EMPTY_BODY = YES;
				CLANG_WARN__DUPLICATE_METHOD_MATCH = YES;
				"CODE_SIGN_IDENTITY[sdk=iphoneos*]" = "iPhone Developer";
				COPY_PHASE_STRIP = YES;
				GCC_C_LANGUAGE_STANDARD = gnu99;
				GCC_WARN_ABOUT_RETURN_TYPE = YES;
				GCC_WARN_UNINITIALIZED_AUTOS = YES;
				GCC_WARN_UNUSED_VARIABLE = YES;
				IPHONEOS_DEPLOYMENT_TARGET = 6.0;
				OTHER_CFLAGS = "-DNS_BLOCK_ASSERTIONS=1";
				SDKROOT = iphoneos;
				VALIDATE_PRODUCT = YES;
			};
			name = Release;
		};
		0F43BDC916505AD1007805E9 /* Debug */ = {
			isa = XCBuildConfiguration;
			buildSettings = {
				GCC_PRECOMPILE_PREFIX_HEADER = YES;
				GCC_PREFIX_HEADER = "Calorie Scale/Calorie Scale-Prefix.pch";
				INFOPLIST_FILE = "Calorie Scale/Calorie Scale-Info.plist";
				PRODUCT_NAME = "$(TARGET_NAME)";
				WRAPPER_EXTENSION = app;
			};
			name = Debug;
		};
		0F43BDCA16505AD1007805E9 /* Release */ = {
			isa = XCBuildConfiguration;
			buildSettings = {
				GCC_PRECOMPILE_PREFIX_HEADER = YES;
				GCC_PREFIX_HEADER = "Calorie Scale/Calorie Scale-Prefix.pch";
				INFOPLIST_FILE = "Calorie Scale/Calorie Scale-Info.plist";
				PRODUCT_NAME = "$(TARGET_NAME)";
				WRAPPER_EXTENSION = app;
			};
			name = Release;
		};
/* End XCBuildConfiguration section */

/* Begin XCConfigurationList section */
		0F43BD9E16505AD1007805E9 /* Build configuration list for PBXProject "Calorie Scale" */ = {
			isa = XCConfigurationList;
			buildConfigurations = (
				0F43BDC616505AD1007805E9 /* Debug */,
				0F43BDC716505AD1007805E9 /* Release */,
			);
			defaultConfigurationIsVisible = 0;
			defaultConfigurationName = Release;
		};
		0F43BDC816505AD1007805E9 /* Build configuration list for PBXNativeTarget "Calorie Scale" */ = {
			isa = XCConfigurationList;
			buildConfigurations = (
				0F43BDC916505AD1007805E9 /* Debug */,
				0F43BDCA16505AD1007805E9 /* Release */,
			);
			defaultConfigurationIsVisible = 0;
		};
/* End XCConfigurationList section */
	};
	rootObject = 0F43BD9B16505AD1007805E9 /* Project object */;
}
